
Microsoft Visual Studio Solution File, Format Version 12.00
# Visual Studio 14
VisualStudioVersion = 14.0.25420.1
MinimumVisualStudioVersion = 10.0.40219.1
Project("{FAE04EC0-301F-11D3-BF4B-00C04F79EFBC}") = "DataAccess.Android", "DataAccess\DataAccess.Android\DataAccess.Android.csproj", "{685AE08A-671C-4D7C-A5B4-3C7D6EDE212B}"
EndProject
Project("{FAE04EC0-301F-11D3-BF4B-00C04F79EFBC}") = "DataAccess", "DataAccess\DataAccess\DataAccess.csproj", "{0083F2E7-2BC4-4DA6-895F-7E531D9B51EF}"
EndProject
Project("{FAE04EC0-301F-11D3-BF4B-00C04F79EFBC}") = "DataAccess.UWP", "DataAccess\DataAccess.UWP\DataAccess.UWP.csproj", "{47B8AC46-83AE-48BC-9D06-E06B70222C6C}"
EndProject
Project("{FAE04EC0-301F-11D3-BF4B-00C04F79EFBC}") = "DataAccess.iOS", "DataAccess\DataAccess.iOS\DataAccess.iOS.csproj", "{58D0EBAA-5DE9-412F-BD13-B9551A62A167}"
EndProject
Project("{FAE04EC0-301F-11D3-BF4B-00C04F79EFBC}") = "WebServices", "WebServices\WebServices.csproj", "{AE26EB52-05C5-4EB2-8D23-997A6A522031}"
EndProject
Global
	GlobalSection(SolutionConfigurationPlatforms) = preSolution
		Ad-Hoc|Any CPU = Ad-Hoc|Any CPU
		Ad-Hoc|ARM = Ad-Hoc|ARM
		Ad-Hoc|iPhone = Ad-Hoc|iPhone
		Ad-Hoc|iPhoneSimulator = Ad-Hoc|iPhoneSimulator
		Ad-Hoc|x64 = Ad-Hoc|x64
		Ad-Hoc|x86 = Ad-Hoc|x86
		AppStore|Any CPU = AppStore|Any CPU
		AppStore|ARM = AppStore|ARM
		AppStore|iPhone = AppStore|iPhone
		AppStore|iPhoneSimulator = AppStore|iPhoneSimulator
		AppStore|x64 = AppStore|x64
		AppStore|x86 = AppStore|x86
		Debug|Any CPU = Debug|Any CPU
		Debug|ARM = Debug|ARM
		Debug|iPhone = Debug|iPhone
		Debug|iPhoneSimulator = Debug|iPhoneSimulator
		Debug|x64 = Debug|x64
		Debug|x86 = Debug|x86
		Release|Any CPU = Release|Any CPU
		Release|ARM = Release|ARM
		Release|iPhone = Release|iPhone
		Release|iPhoneSimulator = Release|iPhoneSimulator
		Release|x64 = Release|x64
		Release|x86 = Release|x86
	EndGlobalSection
	GlobalSection(ProjectConfigurationPlatforms) = postSolution
		{685AE08A-671C-4D7C-A5B4-3C7D6EDE212B}.Ad-Hoc|Any CPU.ActiveCfg = Release|Any CPU
		{685AE08A-671C-4D7C-A5B4-3C7D6EDE212B}.Ad-Hoc|Any CPU.Build.0 = Release|Any CPU
		{685AE08A-671C-4D7C-A5B4-3C7D6EDE212B}.Ad-Hoc|Any CPU.Deploy.0 = Release|Any CPU
		{685AE08A-671C-4D7C-A5B4-3C7D6EDE212B}.Ad-Hoc|ARM.ActiveCfg = Release|Any CPU
		{685AE08A-671C-4D7C-A5B4-3C7D6EDE212B}.Ad-Hoc|ARM.Build.0 = Release|Any CPU
		{685AE08A-671C-4D7C-A5B4-3C7D6EDE212B}.Ad-Hoc|ARM.Deploy.0 = Release|Any CPU
		{685AE08A-671C-4D7C-A5B4-3C7D6EDE212B}.Ad-Hoc|iPhone.ActiveCfg = Release|Any CPU
		{685AE08A-671C-4D7C-A5B4-3C7D6EDE212B}.Ad-Hoc|iPhone.Build.0 = Release|Any CPU
		{685AE08A-671C-4D7C-A5B4-3C7D6EDE212B}.Ad-Hoc|iPhone.Deploy.0 = Release|Any CPU
		{685AE08A-671C-4D7C-A5B4-3C7D6EDE212B}.Ad-Hoc|iPhoneSimulator.ActiveCfg = Release|Any CPU
		{685AE08A-671C-4D7C-A5B4-3C7D6EDE212B}.Ad-Hoc|iPhoneSimulator.Build.0 = Release|Any CPU
		{685AE08A-671C-4D7C-A5B4-3C7D6EDE212B}.Ad-Hoc|iPhoneSimulator.Deploy.0 = Release|Any CPU
		{685AE08A-671C-4D7C-A5B4-3C7D6EDE212B}.Ad-Hoc|x64.ActiveCfg = Release|Any CPU
		{685AE08A-671C-4D7C-A5B4-3C7D6EDE212B}.Ad-Hoc|x64.Build.0 = Release|Any CPU
		{685AE08A-671C-4D7C-A5B4-3C7D6EDE212B}.Ad-Hoc|x64.Deploy.0 = Release|Any CPU
		{685AE08A-671C-4D7C-A5B4-3C7D6EDE212B}.Ad-Hoc|x86.ActiveCfg = Release|Any CPU
		{685AE08A-671C-4D7C-A5B4-3C7D6EDE212B}.Ad-Hoc|x86.Build.0 = Release|Any CPU
		{685AE08A-671C-4D7C-A5B4-3C7D6EDE212B}.Ad-Hoc|x86.Deploy.0 = Release|Any CPU
		{685AE08A-671C-4D7C-A5B4-3C7D6EDE212B}.AppStore|Any CPU.ActiveCfg = Release|Any CPU
		{685AE08A-671C-4D7C-A5B4-3C7D6EDE212B}.AppStore|Any CPU.Build.0 = Release|Any CPU
		{685AE08A-671C-4D7C-A5B4-3C7D6EDE212B}.AppStore|Any CPU.Deploy.0 = Release|Any CPU
		{685AE08A-671C-4D7C-A5B4-3C7D6EDE212B}.AppStore|ARM.ActiveCfg = Release|Any CPU
		{685AE08A-671C-4D7C-A5B4-3C7D6EDE212B}.AppStore|ARM.Build.0 = Release|Any CPU
		{685AE08A-671C-4D7C-A5B4-3C7D6EDE212B}.AppStore|ARM.Deploy.0 = Release|Any CPU
		{685AE08A-671C-4D7C-A5B4-3C7D6EDE212B}.AppStore|iPhone.ActiveCfg = Release|Any CPU
		{685AE08A-671C-4D7C-A5B4-3C7D6EDE212B}.AppStore|iPhone.Build.0 = Release|Any CPU
		{685AE08A-671C-4D7C-A5B4-3C7D6EDE212B}.AppStore|iPhone.Deploy.0 = Release|Any CPU
		{685AE08A-671C-4D7C-A5B4-3C7D6EDE212B}.AppStore|iPhoneSimulator.ActiveCfg = Release|Any CPU
		{685AE08A-671C-4D7C-A5B4-3C7D6EDE212B}.AppStore|iPhoneSimulator.Build.0 = Release|Any CPU
		{685AE08A-671C-4D7C-A5B4-3C7D6EDE212B}.AppStore|iPhoneSimulator.Deploy.0 = Release|Any CPU
		{685AE08A-671C-4D7C-A5B4-3C7D6EDE212B}.AppStore|x64.ActiveCfg = Release|Any CPU
		{685AE08A-671C-4D7C-A5B4-3C7D6EDE212B}.AppStore|x64.Build.0 = Release|Any CPU
		{685AE08A-671C-4D7C-A5B4-3C7D6EDE212B}.AppStore|x64.Deploy.0 = Release|Any CPU
		{685AE08A-671C-4D7C-A5B4-3C7D6EDE212B}.AppStore|x86.ActiveCfg = Release|Any CPU
		{685AE08A-671C-4D7C-A5B4-3C7D6EDE212B}.AppStore|x86.Build.0 = Release|Any CPU
		{685AE08A-671C-4D7C-A5B4-3C7D6EDE212B}.AppStore|x86.Deploy.0 = Release|Any CPU
		{685AE08A-671C-4D7C-A5B4-3C7D6EDE212B}.Debug|Any CPU.ActiveCfg = Debug|Any CPU
		{685AE08A-671C-4D7C-A5B4-3C7D6EDE212B}.Debug|Any CPU.Build.0 = Debug|Any CPU
		{685AE08A-671C-4D7C-A5B4-3C7D6EDE212B}.Debug|Any CPU.Deploy.0 = Debug|Any CPU
		{685AE08A-671C-4D7C-A5B4-3C7D6EDE212B}.Debug|ARM.ActiveCfg = Debug|Any CPU
		{685AE08A-671C-4D7C-A5B4-3C7D6EDE212B}.Debug|ARM.Build.0 = Debug|Any CPU
		{685AE08A-671C-4D7C-A5B4-3C7D6EDE212B}.Debug|ARM.Deploy.0 = Debug|Any CPU
		{685AE08A-671C-4D7C-A5B4-3C7D6EDE212B}.Debug|iPhone.ActiveCfg = Debug|Any CPU
		{685AE08A-671C-4D7C-A5B4-3C7D6EDE212B}.Debug|iPhone.Build.0 = Debug|Any CPU
		{685AE08A-671C-4D7C-A5B4-3C7D6EDE212B}.Debug|iPhone.Deploy.0 = Debug|Any CPU
		{685AE08A-671C-4D7C-A5B4-3C7D6EDE212B}.Debug|iPhoneSimulator.ActiveCfg = Debug|Any CPU
		{685AE08A-671C-4D7C-A5B4-3C7D6EDE212B}.Debug|iPhoneSimulator.Build.0 = Debug|Any CPU
		{685AE08A-671C-4D7C-A5B4-3C7D6EDE212B}.Debug|iPhoneSimulator.Deploy.0 = Debug|Any CPU
		{685AE08A-671C-4D7C-A5B4-3C7D6EDE212B}.Debug|x64.ActiveCfg = Debug|Any CPU
		{685AE08A-671C-4D7C-A5B4-3C7D6EDE212B}.Debug|x64.Build.0 = Debug|Any CPU
		{685AE08A-671C-4D7C-A5B4-3C7D6EDE212B}.Debug|x64.Deploy.0 = Debug|Any CPU
		{685AE08A-671C-4D7C-A5B4-3C7D6EDE212B}.Debug|x86.ActiveCfg = Debug|Any CPU
		{685AE08A-671C-4D7C-A5B4-3C7D6EDE212B}.Debug|x86.Build.0 = Debug|Any CPU
		{685AE08A-671C-4D7C-A5B4-3C7D6EDE212B}.Debug|x86.Deploy.0 = Debug|Any CPU
		{685AE08A-671C-4D7C-A5B4-3C7D6EDE212B}.Release|Any CPU.ActiveCfg = Release|Any CPU
		{685AE08A-671C-4D7C-A5B4-3C7D6EDE212B}.Release|Any CPU.Build.0 = Release|Any CPU
		{685AE08A-671C-4D7C-A5B4-3C7D6EDE212B}.Release|Any CPU.Deploy.0 = Release|Any CPU
		{685AE08A-671C-4D7C-A5B4-3C7D6EDE212B}.Release|ARM.ActiveCfg = Release|Any CPU
		{685AE08A-671C-4D7C-A5B4-3C7D6EDE212B}.Release|ARM.Build.0 = Release|Any CPU
		{685AE08A-671C-4D7C-A5B4-3C7D6EDE212B}.Release|ARM.Deploy.0 = Release|Any CPU
		{685AE08A-671C-4D7C-A5B4-3C7D6EDE212B}.Release|iPhone.ActiveCfg = Release|Any CPU
		{685AE08A-671C-4D7C-A5B4-3C7D6EDE212B}.Release|iPhone.Build.0 = Release|Any CPU
		{685AE08A-671C-4D7C-A5B4-3C7D6EDE212B}.Release|iPhone.Deploy.0 = Release|Any CPU
		{685AE08A-671C-4D7C-A5B4-3C7D6EDE212B}.Release|iPhoneSimulator.ActiveCfg = Release|Any CPU
		{685AE08A-671C-4D7C-A5B4-3C7D6EDE212B}.Release|iPhoneSimulator.Build.0 = Release|Any CPU
		{685AE08A-671C-4D7C-A5B4-3C7D6EDE212B}.Release|iPhoneSimulator.Deploy.0 = Release|Any CPU
		{685AE08A-671C-4D7C-A5B4-3C7D6EDE212B}.Release|x64.ActiveCfg = Release|Any CPU
		{685AE08A-671C-4D7C-A5B4-3C7D6EDE212B}.Release|x64.Build.0 = Release|Any CPU
		{685AE08A-671C-4D7C-A5B4-3C7D6EDE212B}.Release|x64.Deploy.0 = Release|Any CPU
		{685AE08A-671C-4D7C-A5B4-3C7D6EDE212B}.Release|x86.ActiveCfg = Release|Any CPU
		{685AE08A-671C-4D7C-A5B4-3C7D6EDE212B}.Release|x86.Build.0 = Release|Any CPU
		{685AE08A-671C-4D7C-A5B4-3C7D6EDE212B}.Release|x86.Deploy.0 = Release|Any CPU
		{0083F2E7-2BC4-4DA6-895F-7E531D9B51EF}.Ad-Hoc|Any CPU.ActiveCfg = Release|Any CPU
		{0083F2E7-2BC4-4DA6-895F-7E531D9B51EF}.Ad-Hoc|Any CPU.Build.0 = Release|Any CPU
		{0083F2E7-2BC4-4DA6-895F-7E531D9B51EF}.Ad-Hoc|Any CPU.Deploy.0 = Release|Any CPU
		{0083F2E7-2BC4-4DA6-895F-7E531D9B51EF}.Ad-Hoc|ARM.ActiveCfg = Release|Any CPU
		{0083F2E7-2BC4-4DA6-895F-7E531D9B51EF}.Ad-Hoc|ARM.Build.0 = Release|Any CPU
		{0083F2E7-2BC4-4DA6-895F-7E531D9B51EF}.Ad-Hoc|ARM.Deploy.0 = Release|Any CPU
		{0083F2E7-2BC4-4DA6-895F-7E531D9B51EF}.Ad-Hoc|iPhone.ActiveCfg = Release|Any CPU
		{0083F2E7-2BC4-4DA6-895F-7E531D9B51EF}.Ad-Hoc|iPhone.Build.0 = Release|Any CPU
		{0083F2E7-2BC4-4DA6-895F-7E531D9B51EF}.Ad-Hoc|iPhone.Deploy.0 = Release|Any CPU
		{0083F2E7-2BC4-4DA6-895F-7E531D9B51EF}.Ad-Hoc|iPhoneSimulator.ActiveCfg = Release|Any CPU
		{0083F2E7-2BC4-4DA6-895F-7E531D9B51EF}.Ad-Hoc|iPhoneSimulator.Build.0 = Release|Any CPU
		{0083F2E7-2BC4-4DA6-895F-7E531D9B51EF}.Ad-Hoc|iPhoneSimulator.Deploy.0 = Release|Any CPU
		{0083F2E7-2BC4-4DA6-895F-7E531D9B51EF}.Ad-Hoc|x64.ActiveCfg = Release|Any CPU
		{0083F2E7-2BC4-4DA6-895F-7E531D9B51EF}.Ad-Hoc|x64.Build.0 = Release|Any CPU
		{0083F2E7-2BC4-4DA6-895F-7E531D9B51EF}.Ad-Hoc|x64.Deploy.0 = Release|Any CPU
		{0083F2E7-2BC4-4DA6-895F-7E531D9B51EF}.Ad-Hoc|x86.ActiveCfg = Release|Any CPU
		{0083F2E7-2BC4-4DA6-895F-7E531D9B51EF}.Ad-Hoc|x86.Build.0 = Release|Any CPU
		{0083F2E7-2BC4-4DA6-895F-7E531D9B51EF}.Ad-Hoc|x86.Deploy.0 = Release|Any CPU
		{0083F2E7-2BC4-4DA6-895F-7E531D9B51EF}.AppStore|Any CPU.ActiveCfg = Release|Any CPU
		{0083F2E7-2BC4-4DA6-895F-7E531D9B51EF}.AppStore|Any CPU.Build.0 = Release|Any CPU
		{0083F2E7-2BC4-4DA6-895F-7E531D9B51EF}.AppStore|Any CPU.Deploy.0 = Release|Any CPU
		{0083F2E7-2BC4-4DA6-895F-7E531D9B51EF}.AppStore|ARM.ActiveCfg = Release|Any CPU
		{0083F2E7-2BC4-4DA6-895F-7E531D9B51EF}.AppStore|ARM.Build.0 = Release|Any CPU
		{0083F2E7-2BC4-4DA6-895F-7E531D9B51EF}.AppStore|ARM.Deploy.0 = Release|Any CPU
		{0083F2E7-2BC4-4DA6-895F-7E531D9B51EF}.AppStore|iPhone.ActiveCfg = Release|Any CPU
		{0083F2E7-2BC4-4DA6-895F-7E531D9B51EF}.AppStore|iPhone.Build.0 = Release|Any CPU
		{0083F2E7-2BC4-4DA6-895F-7E531D9B51EF}.AppStore|iPhone.Deploy.0 = Release|Any CPU
		{0083F2E7-2BC4-4DA6-895F-7E531D9B51EF}.AppStore|iPhoneSimulator.ActiveCfg = Release|Any CPU
		{0083F2E7-2BC4-4DA6-895F-7E531D9B51EF}.AppStore|iPhoneSimulator.Build.0 = Release|Any CPU
		{0083F2E7-2BC4-4DA6-895F-7E531D9B51EF}.AppStore|iPhoneSimulator.Deploy.0 = Release|Any CPU
		{0083F2E7-2BC4-4DA6-895F-7E531D9B51EF}.AppStore|x64.ActiveCfg = Release|Any CPU
		{0083F2E7-2BC4-4DA6-895F-7E531D9B51EF}.AppStore|x64.Build.0 = Release|Any CPU
		{0083F2E7-2BC4-4DA6-895F-7E531D9B51EF}.AppStore|x64.Deploy.0 = Release|Any CPU
		{0083F2E7-2BC4-4DA6-895F-7E531D9B51EF}.AppStore|x86.ActiveCfg = Release|Any CPU
		{0083F2E7-2BC4-4DA6-895F-7E531D9B51EF}.AppStore|x86.Build.0 = Release|Any CPU
		{0083F2E7-2BC4-4DA6-895F-7E531D9B51EF}.AppStore|x86.Deploy.0 = Release|Any CPU
		{0083F2E7-2BC4-4DA6-895F-7E531D9B51EF}.Debug|Any CPU.ActiveCfg = Debug|Any CPU
		{0083F2E7-2BC4-4DA6-895F-7E531D9B51EF}.Debug|Any CPU.Build.0 = Debug|Any CPU
		{0083F2E7-2BC4-4DA6-895F-7E531D9B51EF}.Debug|Any CPU.Deploy.0 = Debug|Any CPU
		{0083F2E7-2BC4-4DA6-895F-7E531D9B51EF}.Debug|ARM.ActiveCfg = Debug|Any CPU
		{0083F2E7-2BC4-4DA6-895F-7E531D9B51EF}.Debug|ARM.Build.0 = Debug|Any CPU
		{0083F2E7-2BC4-4DA6-895F-7E531D9B51EF}.Debug|ARM.Deploy.0 = Debug|Any CPU
		{0083F2E7-2BC4-4DA6-895F-7E531D9B51EF}.Debug|iPhone.ActiveCfg = Debug|Any CPU
		{0083F2E7-2BC4-4DA6-895F-7E531D9B51EF}.Debug|iPhone.Build.0 = Debug|Any CPU
		{0083F2E7-2BC4-4DA6-895F-7E531D9B51EF}.Debug|iPhone.Deploy.0 = Debug|Any CPU
		{0083F2E7-2BC4-4DA6-895F-7E531D9B51EF}.Debug|iPhoneSimulator.ActiveCfg = Debug|Any CPU
		{0083F2E7-2BC4-4DA6-895F-7E531D9B51EF}.Debug|iPhoneSimulator.Build.0 = Debug|Any CPU
		{0083F2E7-2BC4-4DA6-895F-7E531D9B51EF}.Debug|iPhoneSimulator.Deploy.0 = Debug|Any CPU
		{0083F2E7-2BC4-4DA6-895F-7E531D9B51EF}.Debug|x64.ActiveCfg = Debug|Any CPU
		{0083F2E7-2BC4-4DA6-895F-7E531D9B51EF}.Debug|x64.Build.0 = Debug|Any CPU
		{0083F2E7-2BC4-4DA6-895F-7E531D9B51EF}.Debug|x64.Deploy.0 = Debug|Any CPU
		{0083F2E7-2BC4-4DA6-895F-7E531D9B51EF}.Debug|x86.ActiveCfg = Debug|Any CPU
		{0083F2E7-2BC4-4DA6-895F-7E531D9B51EF}.Debug|x86.Build.0 = Debug|Any CPU
		{0083F2E7-2BC4-4DA6-895F-7E531D9B51EF}.Debug|x86.Deploy.0 = Debug|Any CPU
		{0083F2E7-2BC4-4DA6-895F-7E531D9B51EF}.Release|Any CPU.ActiveCfg = Release|Any CPU
		{0083F2E7-2BC4-4DA6-895F-7E531D9B51EF}.Release|Any CPU.Build.0 = Release|Any CPU
		{0083F2E7-2BC4-4DA6-895F-7E531D9B51EF}.Release|Any CPU.Deploy.0 = Release|Any CPU
		{0083F2E7-2BC4-4DA6-895F-7E531D9B51EF}.Release|ARM.ActiveCfg = Release|Any CPU
		{0083F2E7-2BC4-4DA6-895F-7E531D9B51EF}.Release|ARM.Build.0 = Release|Any CPU
		{0083F2E7-2BC4-4DA6-895F-7E531D9B51EF}.Release|ARM.Deploy.0 = Release|Any CPU
		{0083F2E7-2BC4-4DA6-895F-7E531D9B51EF}.Release|iPhone.ActiveCfg = Release|Any CPU
		{0083F2E7-2BC4-4DA6-895F-7E531D9B51EF}.Release|iPhone.Build.0 = Release|Any CPU
		{0083F2E7-2BC4-4DA6-895F-7E531D9B51EF}.Release|iPhone.Deploy.0 = Release|Any CPU
		{0083F2E7-2BC4-4DA6-895F-7E531D9B51EF}.Release|iPhoneSimulator.ActiveCfg = Release|Any CPU
		{0083F2E7-2BC4-4DA6-895F-7E531D9B51EF}.Release|iPhoneSimulator.Build.0 = Release|Any CPU
		{0083F2E7-2BC4-4DA6-895F-7E531D9B51EF}.Release|iPhoneSimulator.Deploy.0 = Release|Any CPU
		{0083F2E7-2BC4-4DA6-895F-7E531D9B51EF}.Release|x64.ActiveCfg = Release|Any CPU
		{0083F2E7-2BC4-4DA6-895F-7E531D9B51EF}.Release|x64.Build.0 = Release|Any CPU
		{0083F2E7-2BC4-4DA6-895F-7E531D9B51EF}.Release|x64.Deploy.0 = Release|Any CPU
		{0083F2E7-2BC4-4DA6-895F-7E531D9B51EF}.Release|x86.ActiveCfg = Release|Any CPU
		{0083F2E7-2BC4-4DA6-895F-7E531D9B51EF}.Release|x86.Build.0 = Release|Any CPU
		{0083F2E7-2BC4-4DA6-895F-7E531D9B51EF}.Release|x86.Deploy.0 = Release|Any CPU
		{47B8AC46-83AE-48BC-9D06-E06B70222C6C}.Ad-Hoc|Any CPU.ActiveCfg = Release|x86
		{47B8AC46-83AE-48BC-9D06-E06B70222C6C}.Ad-Hoc|Any CPU.Build.0 = Release|x86
		{47B8AC46-83AE-48BC-9D06-E06B70222C6C}.Ad-Hoc|Any CPU.Deploy.0 = Release|x86
		{47B8AC46-83AE-48BC-9D06-E06B70222C6C}.Ad-Hoc|ARM.ActiveCfg = Release|ARM
		{47B8AC46-83AE-48BC-9D06-E06B70222C6C}.Ad-Hoc|ARM.Build.0 = Release|ARM
		{47B8AC46-83AE-48BC-9D06-E06B70222C6C}.Ad-Hoc|ARM.Deploy.0 = Release|ARM
		{47B8AC46-83AE-48BC-9D06-E06B70222C6C}.Ad-Hoc|iPhone.ActiveCfg = Release|x86
		{47B8AC46-83AE-48BC-9D06-E06B70222C6C}.Ad-Hoc|iPhone.Build.0 = Release|x86
		{47B8AC46-83AE-48BC-9D06-E06B70222C6C}.Ad-Hoc|iPhone.Deploy.0 = Release|x86
		{47B8AC46-83AE-48BC-9D06-E06B70222C6C}.Ad-Hoc|iPhoneSimulator.ActiveCfg = Release|x86
		{47B8AC46-83AE-48BC-9D06-E06B70222C6C}.Ad-Hoc|iPhoneSimulator.Build.0 = Release|x86
		{47B8AC46-83AE-48BC-9D06-E06B70222C6C}.Ad-Hoc|iPhoneSimulator.Deploy.0 = Release|x86
		{47B8AC46-83AE-48BC-9D06-E06B70222C6C}.Ad-Hoc|x64.ActiveCfg = Release|x64
		{47B8AC46-83AE-48BC-9D06-E06B70222C6C}.Ad-Hoc|x64.Build.0 = Release|x64
		{47B8AC46-83AE-48BC-9D06-E06B70222C6C}.Ad-Hoc|x64.Deploy.0 = Release|x64
		{47B8AC46-83AE-48BC-9D06-E06B70222C6C}.Ad-Hoc|x86.ActiveCfg = Release|x86
		{47B8AC46-83AE-48BC-9D06-E06B70222C6C}.Ad-Hoc|x86.Build.0 = Release|x86
		{47B8AC46-83AE-48BC-9D06-E06B70222C6C}.Ad-Hoc|x86.Deploy.0 = Release|x86
		{47B8AC46-83AE-48BC-9D06-E06B70222C6C}.AppStore|Any CPU.ActiveCfg = Release|x86
		{47B8AC46-83AE-48BC-9D06-E06B70222C6C}.AppStore|Any CPU.Build.0 = Release|x86
		{47B8AC46-83AE-48BC-9D06-E06B70222C6C}.AppStore|Any CPU.Deploy.0 = Release|x86
		{47B8AC46-83AE-48BC-9D06-E06B70222C6C}.AppStore|ARM.ActiveCfg = Release|ARM
		{47B8AC46-83AE-48BC-9D06-E06B70222C6C}.AppStore|ARM.Build.0 = Release|ARM
		{47B8AC46-83AE-48BC-9D06-E06B70222C6C}.AppStore|ARM.Deploy.0 = Release|ARM
		{47B8AC46-83AE-48BC-9D06-E06B70222C6C}.AppStore|iPhone.ActiveCfg = Release|x86
		{47B8AC46-83AE-48BC-9D06-E06B70222C6C}.AppStore|iPhone.Build.0 = Release|x86
		{47B8AC46-83AE-48BC-9D06-E06B70222C6C}.AppStore|iPhone.Deploy.0 = Release|x86
		{47B8AC46-83AE-48BC-9D06-E06B70222C6C}.AppStore|iPhoneSimulator.ActiveCfg = Release|x86
		{47B8AC46-83AE-48BC-9D06-E06B70222C6C}.AppStore|iPhoneSimulator.Build.0 = Release|x86
		{47B8AC46-83AE-48BC-9D06-E06B70222C6C}.AppStore|iPhoneSimulator.Deploy.0 = Release|x86
		{47B8AC46-83AE-48BC-9D06-E06B70222C6C}.AppStore|x64.ActiveCfg = Release|x64
		{47B8AC46-83AE-48BC-9D06-E06B70222C6C}.AppStore|x64.Build.0 = Release|x64
		{47B8AC46-83AE-48BC-9D06-E06B70222C6C}.AppStore|x64.Deploy.0 = Release|x64
		{47B8AC46-83AE-48BC-9D06-E06B70222C6C}.AppStore|x86.ActiveCfg = Release|x86
		{47B8AC46-83AE-48BC-9D06-E06B70222C6C}.AppStore|x86.Build.0 = Release|x86
		{47B8AC46-83AE-48BC-9D06-E06B70222C6C}.AppStore|x86.Deploy.0 = Release|x86
		{47B8AC46-83AE-48BC-9D06-E06B70222C6C}.Debug|Any CPU.ActiveCfg = Debug|x86
		{47B8AC46-83AE-48BC-9D06-E06B70222C6C}.Debug|Any CPU.Build.0 = Debug|x86
		{47B8AC46-83AE-48BC-9D06-E06B70222C6C}.Debug|Any CPU.Deploy.0 = Debug|x86
		{47B8AC46-83AE-48BC-9D06-E06B70222C6C}.Debug|ARM.ActiveCfg = Debug|ARM
		{47B8AC46-83AE-48BC-9D06-E06B70222C6C}.Debug|ARM.Build.0 = Debug|ARM
		{47B8AC46-83AE-48BC-9D06-E06B70222C6C}.Debug|ARM.Deploy.0 = Debug|ARM
		{47B8AC46-83AE-48BC-9D06-E06B70222C6C}.Debug|iPhone.ActiveCfg = Debug|x86
		{47B8AC46-83AE-48BC-9D06-E06B70222C6C}.Debug|iPhone.Build.0 = Debug|x86
		{47B8AC46-83AE-48BC-9D06-E06B70222C6C}.Debug|iPhone.Deploy.0 = Debug|x86
		{47B8AC46-83AE-48BC-9D06-E06B70222C6C}.Debug|iPhoneSimulator.ActiveCfg = Debug|x86
		{47B8AC46-83AE-48BC-9D06-E06B70222C6C}.Debug|iPhoneSimulator.Build.0 = Debug|x86
		{47B8AC46-83AE-48BC-9D06-E06B70222C6C}.Debug|iPhoneSimulator.Deploy.0 = Debug|x86
		{47B8AC46-83AE-48BC-9D06-E06B70222C6C}.Debug|x64.ActiveCfg = Debug|x64
		{47B8AC46-83AE-48BC-9D06-E06B70222C6C}.Debug|x64.Build.0 = Debug|x64
		{47B8AC46-83AE-48BC-9D06-E06B70222C6C}.Debug|x64.Deploy.0 = Debug|x64
		{47B8AC46-83AE-48BC-9D06-E06B70222C6C}.Debug|x86.ActiveCfg = Debug|x86
		{47B8AC46-83AE-48BC-9D06-E06B70222C6C}.Debug|x86.Build.0 = Debug|x86
		{47B8AC46-83AE-48BC-9D06-E06B70222C6C}.Debug|x86.Deploy.0 = Debug|x86
		{47B8AC46-83AE-48BC-9D06-E06B70222C6C}.Release|Any CPU.ActiveCfg = Release|x86
		{47B8AC46-83AE-48BC-9D06-E06B70222C6C}.Release|Any CPU.Build.0 = Release|x86
		{47B8AC46-83AE-48BC-9D06-E06B70222C6C}.Release|Any CPU.Deploy.0 = Release|x86
		{47B8AC46-83AE-48BC-9D06-E06B70222C6C}.Release|ARM.ActiveCfg = Release|ARM
		{47B8AC46-83AE-48BC-9D06-E06B70222C6C}.Release|ARM.Build.0 = Release|ARM
		{47B8AC46-83AE-48BC-9D06-E06B70222C6C}.Release|ARM.Deploy.0 = Release|ARM
		{47B8AC46-83AE-48BC-9D06-E06B70222C6C}.Release|iPhone.ActiveCfg = Release|x86
		{47B8AC46-83AE-48BC-9D06-E06B70222C6C}.Release|iPhone.Build.0 = Release|x86
		{47B8AC46-83AE-48BC-9D06-E06B70222C6C}.Release|iPhone.Deploy.0 = Release|x86
		{47B8AC46-83AE-48BC-9D06-E06B70222C6C}.Release|iPhoneSimulator.ActiveCfg = Release|x86
		{47B8AC46-83AE-48BC-9D06-E06B70222C6C}.Release|iPhoneSimulator.Build.0 = Release|x86
		{47B8AC46-83AE-48BC-9D06-E06B70222C6C}.Release|iPhoneSimulator.Deploy.0 = Release|x86
		{47B8AC46-83AE-48BC-9D06-E06B70222C6C}.Release|x64.ActiveCfg = Release|x64
		{47B8AC46-83AE-48BC-9D06-E06B70222C6C}.Release|x64.Build.0 = Release|x64
		{47B8AC46-83AE-48BC-9D06-E06B70222C6C}.Release|x64.Deploy.0 = Release|x64
		{47B8AC46-83AE-48BC-9D06-E06B70222C6C}.Release|x86.ActiveCfg = Release|x86
		{47B8AC46-83AE-48BC-9D06-E06B70222C6C}.Release|x86.Build.0 = Release|x86
		{47B8AC46-83AE-48BC-9D06-E06B70222C6C}.Release|x86.Deploy.0 = Release|x86
		{58D0EBAA-5DE9-412F-BD13-B9551A62A167}.Ad-Hoc|Any CPU.ActiveCfg = Ad-Hoc|iPhone
		{58D0EBAA-5DE9-412F-BD13-B9551A62A167}.Ad-Hoc|Any CPU.Build.0 = Ad-Hoc|iPhone
		{58D0EBAA-5DE9-412F-BD13-B9551A62A167}.Ad-Hoc|Any CPU.Deploy.0 = Ad-Hoc|iPhone
		{58D0EBAA-5DE9-412F-BD13-B9551A62A167}.Ad-Hoc|ARM.ActiveCfg = Ad-Hoc|iPhone
		{58D0EBAA-5DE9-412F-BD13-B9551A62A167}.Ad-Hoc|ARM.Build.0 = Ad-Hoc|iPhone
		{58D0EBAA-5DE9-412F-BD13-B9551A62A167}.Ad-Hoc|ARM.Deploy.0 = Ad-Hoc|iPhone
		{58D0EBAA-5DE9-412F-BD13-B9551A62A167}.Ad-Hoc|iPhone.ActiveCfg = Ad-Hoc|iPhone
		{58D0EBAA-5DE9-412F-BD13-B9551A62A167}.Ad-Hoc|iPhone.Build.0 = Ad-Hoc|iPhone
		{58D0EBAA-5DE9-412F-BD13-B9551A62A167}.Ad-Hoc|iPhone.Deploy.0 = Ad-Hoc|iPhone
		{58D0EBAA-5DE9-412F-BD13-B9551A62A167}.Ad-Hoc|iPhoneSimulator.ActiveCfg = Ad-Hoc|iPhoneSimulator
		{58D0EBAA-5DE9-412F-BD13-B9551A62A167}.Ad-Hoc|iPhoneSimulator.Build.0 = Ad-Hoc|iPhoneSimulator
		{58D0EBAA-5DE9-412F-BD13-B9551A62A167}.Ad-Hoc|iPhoneSimulator.Deploy.0 = Ad-Hoc|iPhoneSimulator
		{58D0EBAA-5DE9-412F-BD13-B9551A62A167}.Ad-Hoc|x64.ActiveCfg = Ad-Hoc|iPhone
		{58D0EBAA-5DE9-412F-BD13-B9551A62A167}.Ad-Hoc|x64.Build.0 = Ad-Hoc|iPhone
		{58D0EBAA-5DE9-412F-BD13-B9551A62A167}.Ad-Hoc|x64.Deploy.0 = Ad-Hoc|iPhone
		{58D0EBAA-5DE9-412F-BD13-B9551A62A167}.Ad-Hoc|x86.ActiveCfg = Ad-Hoc|iPhone
		{58D0EBAA-5DE9-412F-BD13-B9551A62A167}.Ad-Hoc|x86.Build.0 = Ad-Hoc|iPhone
		{58D0EBAA-5DE9-412F-BD13-B9551A62A167}.Ad-Hoc|x86.Deploy.0 = Ad-Hoc|iPhone
		{58D0EBAA-5DE9-412F-BD13-B9551A62A167}.AppStore|Any CPU.ActiveCfg = AppStore|iPhone
		{58D0EBAA-5DE9-412F-BD13-B9551A62A167}.AppStore|Any CPU.Build.0 = AppStore|iPhone
		{58D0EBAA-5DE9-412F-BD13-B9551A62A167}.AppStore|Any CPU.Deploy.0 = AppStore|iPhone
		{58D0EBAA-5DE9-412F-BD13-B9551A62A167}.AppStore|ARM.ActiveCfg = AppStore|iPhone
		{58D0EBAA-5DE9-412F-BD13-B9551A62A167}.AppStore|ARM.Build.0 = AppStore|iPhone
		{58D0EBAA-5DE9-412F-BD13-B9551A62A167}.AppStore|ARM.Deploy.0 = AppStore|iPhone
		{58D0EBAA-5DE9-412F-BD13-B9551A62A167}.AppStore|iPhone.ActiveCfg = AppStore|iPhone
		{58D0EBAA-5DE9-412F-BD13-B9551A62A167}.AppStore|iPhone.Build.0 = AppStore|iPhone
		{58D0EBAA-5DE9-412F-BD13-B9551A62A167}.AppStore|iPhone.Deploy.0 = AppStore|iPhone
		{58D0EBAA-5DE9-412F-BD13-B9551A62A167}.AppStore|iPhoneSimulator.ActiveCfg = AppStore|iPhoneSimulator
		{58D0EBAA-5DE9-412F-BD13-B9551A62A167}.AppStore|iPhoneSimulator.Build.0 = AppStore|iPhoneSimulator
		{58D0EBAA-5DE9-412F-BD13-B9551A62A167}.AppStore|iPhoneSimulator.Deploy.0 = AppStore|iPhoneSimulator
		{58D0EBAA-5DE9-412F-BD13-B9551A62A167}.AppStore|x64.ActiveCfg = AppStore|iPhone
		{58D0EBAA-5DE9-412F-BD13-B9551A62A167}.AppStore|x64.Build.0 = AppStore|iPhone
		{58D0EBAA-5DE9-412F-BD13-B9551A62A167}.AppStore|x64.Deploy.0 = AppStore|iPhone
		{58D0EBAA-5DE9-412F-BD13-B9551A62A167}.AppStore|x86.ActiveCfg = AppStore|iPhone
		{58D0EBAA-5DE9-412F-BD13-B9551A62A167}.AppStore|x86.Build.0 = AppStore|iPhone
		{58D0EBAA-5DE9-412F-BD13-B9551A62A167}.AppStore|x86.Deploy.0 = AppStore|iPhone
		{58D0EBAA-5DE9-412F-BD13-B9551A62A167}.Debug|Any CPU.ActiveCfg = Debug|iPhoneSimulator
		{58D0EBAA-5DE9-412F-BD13-B9551A62A167}.Debug|Any CPU.Build.0 = Debug|iPhoneSimulator
		{58D0EBAA-5DE9-412F-BD13-B9551A62A167}.Debug|Any CPU.Deploy.0 = Debug|iPhoneSimulator
		{58D0EBAA-5DE9-412F-BD13-B9551A62A167}.Debug|ARM.ActiveCfg = Debug|iPhone
		{58D0EBAA-5DE9-412F-BD13-B9551A62A167}.Debug|ARM.Build.0 = Debug|iPhone
		{58D0EBAA-5DE9-412F-BD13-B9551A62A167}.Debug|ARM.Deploy.0 = Debug|iPhone
		{58D0EBAA-5DE9-412F-BD13-B9551A62A167}.Debug|iPhone.ActiveCfg = Debug|iPhone
		{58D0EBAA-5DE9-412F-BD13-B9551A62A167}.Debug|iPhone.Build.0 = Debug|iPhone
		{58D0EBAA-5DE9-412F-BD13-B9551A62A167}.Debug|iPhone.Deploy.0 = Debug|iPhone
		{58D0EBAA-5DE9-412F-BD13-B9551A62A167}.Debug|iPhoneSimulator.ActiveCfg = Debug|iPhoneSimulator
		{58D0EBAA-5DE9-412F-BD13-B9551A62A167}.Debug|iPhoneSimulator.Build.0 = Debug|iPhoneSimulator
		{58D0EBAA-5DE9-412F-BD13-B9551A62A167}.Debug|iPhoneSimulator.Deploy.0 = Debug|iPhoneSimulator
		{58D0EBAA-5DE9-412F-BD13-B9551A62A167}.Debug|x64.ActiveCfg = Debug|iPhone
		{58D0EBAA-5DE9-412F-BD13-B9551A62A167}.Debug|x64.Build.0 = Debug|iPhone
		{58D0EBAA-5DE9-412F-BD13-B9551A62A167}.Debug|x64.Deploy.0 = Debug|iPhone
		{58D0EBAA-5DE9-412F-BD13-B9551A62A167}.Debug|x86.ActiveCfg = Debug|iPhone
		{58D0EBAA-5DE9-412F-BD13-B9551A62A167}.Debug|x86.Build.0 = Debug|iPhone
		{58D0EBAA-5DE9-412F-BD13-B9551A62A167}.Debug|x86.Deploy.0 = Debug|iPhone
		{58D0EBAA-5DE9-412F-BD13-B9551A62A167}.Release|Any CPU.ActiveCfg = Release|iPhone
		{58D0EBAA-5DE9-412F-BD13-B9551A62A167}.Release|Any CPU.Build.0 = Release|iPhone
		{58D0EBAA-5DE9-412F-BD13-B9551A62A167}.Release|Any CPU.Deploy.0 = Release|iPhone
		{58D0EBAA-5DE9-412F-BD13-B9551A62A167}.Release|ARM.ActiveCfg = Release|iPhone
		{58D0EBAA-5DE9-412F-BD13-B9551A62A167}.Release|ARM.Build.0 = Release|iPhone
		{58D0EBAA-5DE9-412F-BD13-B9551A62A167}.Release|ARM.Deploy.0 = Release|iPhone
		{58D0EBAA-5DE9-412F-BD13-B9551A62A167}.Release|iPhone.ActiveCfg = Release|iPhone
		{58D0EBAA-5DE9-412F-BD13-B9551A62A167}.Release|iPhone.Build.0 = Release|iPhone
		{58D0EBAA-5DE9-412F-BD13-B9551A62A167}.Release|iPhone.Deploy.0 = Release|iPhone
		{58D0EBAA-5DE9-412F-BD13-B9551A62A167}.Release|iPhoneSimulator.ActiveCfg = Release|iPhoneSimulator
		{58D0EBAA-5DE9-412F-BD13-B9551A62A167}.Release|iPhoneSimulator.Build.0 = Release|iPhoneSimulator
		{58D0EBAA-5DE9-412F-BD13-B9551A62A167}.Release|iPhoneSimulator.Deploy.0 = Release|iPhoneSimulator
		{58D0EBAA-5DE9-412F-BD13-B9551A62A167}.Release|x64.ActiveCfg = Release|iPhone
		{58D0EBAA-5DE9-412F-BD13-B9551A62A167}.Release|x64.Build.0 = Release|iPhone
		{58D0EBAA-5DE9-412F-BD13-B9551A62A167}.Release|x64.Deploy.0 = Release|iPhone
		{58D0EBAA-5DE9-412F-BD13-B9551A62A167}.Release|x86.ActiveCfg = Release|iPhone
		{58D0EBAA-5DE9-412F-BD13-B9551A62A167}.Release|x86.Build.0 = Release|iPhone
		{58D0EBAA-5DE9-412F-BD13-B9551A62A167}.Release|x86.Deploy.0 = Release|iPhone
		{AE26EB52-05C5-4EB2-8D23-997A6A522031}.Ad-Hoc|Any CPU.ActiveCfg = Release|Any CPU
		{AE26EB52-05C5-4EB2-8D23-997A6A522031}.Ad-Hoc|Any CPU.Build.0 = Release|Any CPU
		{AE26EB52-05C5-4EB2-8D23-997A6A522031}.Ad-Hoc|ARM.ActiveCfg = Release|Any CPU
		{AE26EB52-05C5-4EB2-8D23-997A6A522031}.Ad-Hoc|ARM.Build.0 = Release|Any CPU
		{AE26EB52-05C5-4EB2-8D23-997A6A522031}.Ad-Hoc|iPhone.ActiveCfg = Release|Any CPU
		{AE26EB52-05C5-4EB2-8D23-997A6A522031}.Ad-Hoc|iPhone.Build.0 = Release|Any CPU
		{AE26EB52-05C5-4EB2-8D23-997A6A522031}.Ad-Hoc|iPhoneSimulator.ActiveCfg = Release|Any CPU
		{AE26EB52-05C5-4EB2-8D23-997A6A522031}.Ad-Hoc|iPhoneSimulator.Build.0 = Release|Any CPU
		{AE26EB52-05C5-4EB2-8D23-997A6A522031}.Ad-Hoc|x64.ActiveCfg = Release|Any CPU
		{AE26EB52-05C5-4EB2-8D23-997A6A522031}.Ad-Hoc|x64.Build.0 = Release|Any CPU
		{AE26EB52-05C5-4EB2-8D23-997A6A522031}.Ad-Hoc|x86.ActiveCfg = Release|Any CPU
		{AE26EB52-05C5-4EB2-8D23-997A6A522031}.Ad-Hoc|x86.Build.0 = Release|Any CPU
		{AE26EB52-05C5-4EB2-8D23-997A6A522031}.AppStore|Any CPU.ActiveCfg = Release|Any CPU
		{AE26EB52-05C5-4EB2-8D23-997A6A522031}.AppStore|Any CPU.Build.0 = Release|Any CPU
		{AE26EB52-05C5-4EB2-8D23-997A6A522031}.AppStore|ARM.ActiveCfg = Release|Any CPU
		{AE26EB52-05C5-4EB2-8D23-997A6A522031}.AppStore|ARM.Build.0 = Release|Any CPU
		{AE26EB52-05C5-4EB2-8D23-997A6A522031}.AppStore|iPhone.ActiveCfg = Release|Any CPU
		{AE26EB52-05C5-4EB2-8D23-997A6A522031}.AppStore|iPhone.Build.0 = Release|Any CPU
		{AE26EB52-05C5-4EB2-8D23-997A6A522031}.AppStore|iPhoneSimulator.ActiveCfg = Release|Any CPU
		{AE26EB52-05C5-4EB2-8D23-997A6A522031}.AppStore|iPhoneSimulator.Build.0 = Release|Any CPU
		{AE26EB52-05C5-4EB2-8D23-997A6A522031}.AppStore|x64.ActiveCfg = Release|Any CPU
		{AE26EB52-05C5-4EB2-8D23-997A6A522031}.AppStore|x64.Build.0 = Release|Any CPU
		{AE26EB52-05C5-4EB2-8D23-997A6A522031}.AppStore|x86.ActiveCfg = Release|Any CPU
		{AE26EB52-05C5-4EB2-8D23-997A6A522031}.AppStore|x86.Build.0 = Release|Any CPU
		{AE26EB52-05C5-4EB2-8D23-997A6A522031}.Debug|Any CPU.ActiveCfg = Debug|Any CPU
		{AE26EB52-05C5-4EB2-8D23-997A6A522031}.Debug|Any CPU.Build.0 = Debug|Any CPU
		{AE26EB52-05C5-4EB2-8D23-997A6A522031}.Debug|ARM.ActiveCfg = Debug|Any CPU
		{AE26EB52-05C5-4EB2-8D23-997A6A522031}.Debug|ARM.Build.0 = Debug|Any CPU
		{AE26EB52-05C5-4EB2-8D23-997A6A522031}.Debug|iPhone.ActiveCfg = Debug|Any CPU
		{AE26EB52-05C5-4EB2-8D23-997A6A522031}.Debug|iPhone.Build.0 = Debug|Any CPU
		{AE26EB52-05C5-4EB2-8D23-997A6A522031}.Debug|iPhoneSimulator.ActiveCfg = Debug|Any CPU
		{AE26EB52-05C5-4EB2-8D23-997A6A522031}.Debug|iPhoneSimulator.Build.0 = Debug|Any CPU
		{AE26EB52-05C5-4EB2-8D23-997A6A522031}.Debug|x64.ActiveCfg = Debug|Any CPU
		{AE26EB52-05C5-4EB2-8D23-997A6A522031}.Debug|x64.Build.0 = Debug|Any CPU
		{AE26EB52-05C5-4EB2-8D23-997A6A522031}.Debug|x86.ActiveCfg = Debug|Any CPU
		{AE26EB52-05C5-4EB2-8D23-997A6A522031}.Debug|x86.Build.0 = Debug|Any CPU
		{AE26EB52-05C5-4EB2-8D23-997A6A522031}.Release|Any CPU.ActiveCfg = Release|Any CPU
		{AE26EB52-05C5-4EB2-8D23-997A6A522031}.Release|Any CPU.Build.0 = Release|Any CPU
		{AE26EB52-05C5-4EB2-8D23-997A6A522031}.Release|ARM.ActiveCfg = Release|Any CPU
		{AE26EB52-05C5-4EB2-8D23-997A6A522031}.Release|ARM.Build.0 = Release|Any CPU
		{AE26EB52-05C5-4EB2-8D23-997A6A522031}.Release|iPhone.ActiveCfg = Release|Any CPU
		{AE26EB52-05C5-4EB2-8D23-997A6A522031}.Release|iPhone.Build.0 = Release|Any CPU
		{AE26EB52-05C5-4EB2-8D23-997A6A522031}.Release|iPhoneSimulator.ActiveCfg = Release|Any CPU
		{AE26EB52-05C5-4EB2-8D23-997A6A522031}.Release|iPhoneSimulator.Build.0 = Release|Any CPU
		{AE26EB52-05C5-4EB2-8D23-997A6A522031}.Release|x64.ActiveCfg = Release|Any CPU
		{AE26EB52-05C5-4EB2-8D23-997A6A522031}.Release|x64.Build.0 = Release|Any CPU
		{AE26EB52-05C5-4EB2-8D23-997A6A522031}.Release|x86.ActiveCfg = Release|Any CPU
		{AE26EB52-05C5-4EB2-8D23-997A6A522031}.Release|x86.Build.0 = Release|Any CPU
	EndGlobalSection
	GlobalSection(SolutionProperties) = preSolution
		HideSolutionNode = FALSE
	EndGlobalSection
EndGlobal
